
Microsoft Visual Studio Solution File, Format Version 11.00
# Visual Studio 2010
Project("{8BC9CEB8-8B4A-11D0-8D11-00A0C91BC942}") = "Evil Monkeys v2", "Evil Monkeys v2\Evil Monkeys v2.vcxproj", "{4C2E5BE4-C163-4F36-AC40-CC7949EEDD6D}"
EndProject
Global
	GlobalSection(SolutionConfigurationPlatforms) = preSolution
		Debug|Win32 = Debug|Win32
		Release|Win32 = Release|Win32
	EndGlobalSection
	GlobalSection(ProjectConfigurationPlatforms) = postSolution
		{4C2E5BE4-C163-4F36-AC40-CC7949EEDD6D}.Debug|Win32.ActiveCfg = Debug|Win32
		{4C2E5BE4-C163-4F36-AC40-CC7949EEDD6D}.Debug|Win32.Build.0 = Debug|Win32
		{4C2E5BE4-C163-4F36-AC40-CC7949EEDD6D}.Release|Win32.ActiveCfg = Release|Win32
		{4C2E5BE4-C163-4F36-AC40-CC7949EEDD6D}.Release|Win32.Build.0 = Release|Win32
	EndGlobalSection
	GlobalSection(SolutionProperties) = preSolution
		HideSolutionNode = FALSE
	EndGlobalSection
EndGlobal
